
Microsoft Visual Studio Solution File, Format Version 12.00
# Visual Studio 15
VisualStudioVersion = 15.0.28307.1259
MinimumVisualStudioVersion = 10.0.40219.1
Project("{FAE04EC0-301F-11D3-BF4B-00C04F79EFBC}") = "Client_NurAfandiMujib_110", "ServerdanClient_NurAfandiMujib_110\Client_NurAfandiMujib_110.csproj", "{022F5C56-2967-4969-AE90-1BE0BAFD5075}"
EndProject
Project("{FAE04EC0-301F-11D3-BF4B-00C04F79EFBC}") = "Server_NurAfandiMujib_110", "Server_NurAfandiMujib_110\Server_NurAfandiMujib_110.csproj", "{E1A8E63E-9198-4D0E-8753-84FD91995B18}"
EndProject
Global
	GlobalSection(SolutionConfigurationPlatforms) = preSolution
		Debug|Any CPU = Debug|Any CPU
		Release|Any CPU = Release|Any CPU
	EndGlobalSection
	GlobalSection(ProjectConfigurationPlatforms) = postSolution
		{022F5C56-2967-4969-AE90-1BE0BAFD5075}.Debug|Any CPU.ActiveCfg = Debug|Any CPU
		{022F5C56-2967-4969-AE90-1BE0BAFD5075}.Debug|Any CPU.Build.0 = Debug|Any CPU
		{022F5C56-2967-4969-AE90-1BE0BAFD5075}.Release|Any CPU.ActiveCfg = Release|Any CPU
		{022F5C56-2967-4969-AE90-1BE0BAFD5075}.Release|Any CPU.Build.0 = Release|Any CPU
		{E1A8E63E-9198-4D0E-8753-84FD91995B18}.Debug|Any CPU.ActiveCfg = Debug|Any CPU
		{E1A8E63E-9198-4D0E-8753-84FD91995B18}.Debug|Any CPU.Build.0 = Debug|Any CPU
		{E1A8E63E-9198-4D0E-8753-84FD91995B18}.Release|Any CPU.ActiveCfg = Release|Any CPU
		{E1A8E63E-9198-4D0E-8753-84FD91995B18}.Release|Any CPU.Build.0 = Release|Any CPU
	EndGlobalSection
	GlobalSection(SolutionProperties) = preSolution
		HideSolutionNode = FALSE
	EndGlobalSection
	GlobalSection(ExtensibilityGlobals) = postSolution
		SolutionGuid = {CF1A6040-D605-4B54-9FEB-DE0485CEC285}
	EndGlobalSection
EndGlobal
